<?xml version="1.0" encoding="utf-8"?>
<Project ToolsVersion="17.0" xmlns="http://schemas.microsoft.com/developer/msbuild/2003">
  <ItemGroup>
    <ClCompile Include="D:\brais\tfg\src\cameraCalibration.cpp">
      <Filter>Source Files</Filter>
    </ClCompile>
    <ClCompile Include="D:\brais\tfg\src\opencv_test (2).cpp">
      <Filter>Source Files</Filter>
    </ClCompile>
    <ClCompile Include="D:\brais\tfg\src\opencv_test.cpp">
      <Filter>Source Files</Filter>
    </ClCompile>
    <ClCompile Include="D:\brais\tfg\src\tracker.cpp">
      <Filter>Source Files</Filter>
    </ClCompile>
  </ItemGroup>
  <ItemGroup>
    <ClInclude Include="D:\brais\tfg\src\aruco_samples_utility (2).hpp">
      <Filter>Header Files</Filter>
    </ClInclude>
    <ClInclude Include="D:\brais\tfg\src\aruco_samples_utility.hpp">
      <Filter>Header Files</Filter>
    </ClInclude>
  </ItemGroup>
  <ItemGroup>
    <CustomBuild Include="D:\brais\tfg\CMakeLists.txt" />
  </ItemGroup>
  <ItemGroup>
    <Filter Include="Header Files">
      <UniqueIdentifier>{B5525A36-F082-39E9-AA02-3E0906469F6A}</UniqueIdentifier>
    </Filter>
    <Filter Include="Source Files">
      <UniqueIdentifier>{C2425C53-FF8F-3FC3-8574-DEC1881B6F73}</UniqueIdentifier>
    </Filter>
  </ItemGroup>
</Project>
